# THIS IS AN AUTOGENERATED FILE. DO NOT EDIT THIS FILE DIRECTLY.
# yarn lockfile v1


"@napi-rs/canvas-android-arm64@0.1.84":
  version "0.1.84"
  resolved "https://registry.npmmirror.com/@napi-rs/canvas-android-arm64/-/canvas-android-arm64-0.1.84.tgz#7b476e3003be0aca08ab27962fd0d6e803939bec"
  integrity sha512-pdvuqvj3qtwVryqgpAGornJLV6Ezpk39V6wT4JCnRVGy8I3Tk1au8qOalFGrx/r0Ig87hWslysPpHBxVpBMIww==

"@napi-rs/canvas-darwin-arm64@0.1.84":
  version "0.1.84"
  resolved "https://registry.npmmirror.com/@napi-rs/canvas-darwin-arm64/-/canvas-darwin-arm64-0.1.84.tgz#0f131722f9f66316cea5f5ed7cfb9ad1290683cd"
  integrity sha512-A8IND3Hnv0R6abc6qCcCaOCujTLMmGxtucMTZ5vbQUrEN/scxi378MyTLtyWg+MRr6bwQJ6v/orqMS9datIcww==

"@napi-rs/canvas-darwin-x64@0.1.84":
  version "0.1.84"
  resolved "https://registry.npmmirror.com/@napi-rs/canvas-darwin-x64/-/canvas-darwin-x64-0.1.84.tgz#e6ab8c534172d8a8d434fa090da8a205359d8769"
  integrity sha512-AUW45lJhYWwnA74LaNeqhvqYKK/2hNnBBBl03KRdqeCD4tKneUSrxUqIv8d22CBweOvrAASyKN3W87WO2zEr/A==

"@napi-rs/canvas-linux-arm-gnueabihf@0.1.84":
  version "0.1.84"
  resolved "https://registry.npmmirror.com/@napi-rs/canvas-linux-arm-gnueabihf/-/canvas-linux-arm-gnueabihf-0.1.84.tgz#5898daa3050a8ba4619c1d6cea3a3217d46c5ffd"
  integrity sha512-8zs5ZqOrdgs4FioTxSBrkl/wHZB56bJNBqaIsfPL4ZkEQCinOkrFF7xIcXiHiKp93J3wUtbIzeVrhTIaWwqk+A==

"@napi-rs/canvas-linux-arm64-gnu@0.1.84":
  version "0.1.84"
  resolved "https://registry.npmmirror.com/@napi-rs/canvas-linux-arm64-gnu/-/canvas-linux-arm64-gnu-0.1.84.tgz#fbbde94c04278259f1f40b4c199dfd9f95c82e66"
  integrity sha512-i204vtowOglJUpbAFWU5mqsJgH0lVpNk/Ml4mQtB4Lndd86oF+Otr6Mr5KQnZHqYGhlSIKiU2SYnUbhO28zGQA==

"@napi-rs/canvas-linux-arm64-musl@0.1.84":
  version "0.1.84"
  resolved "https://registry.npmmirror.com/@napi-rs/canvas-linux-arm64-musl/-/canvas-linux-arm64-musl-0.1.84.tgz#8b02c46c5dbb0a58de87885c61ca1681b1199697"
  integrity sha512-VyZq0EEw+OILnWk7G3ZgLLPaz1ERaPP++jLjeyLMbFOF+Tr4zHzWKiKDsEV/cT7btLPZbVoR3VX+T9/QubnURQ==

"@napi-rs/canvas-linux-riscv64-gnu@0.1.84":
  version "0.1.84"
  resolved "https://registry.npmmirror.com/@napi-rs/canvas-linux-riscv64-gnu/-/canvas-linux-riscv64-gnu-0.1.84.tgz#787c9c207f69aaa51b852c7063a6eed2985b7fca"
  integrity sha512-PSMTh8DiThvLRsbtc/a065I/ceZk17EXAATv9uNvHgkgo7wdEfTh2C3aveNkBMGByVO3tvnvD5v/YFtZL07cIg==

"@napi-rs/canvas-linux-x64-gnu@0.1.84":
  version "0.1.84"
  resolved "https://registry.npmmirror.com/@napi-rs/canvas-linux-x64-gnu/-/canvas-linux-x64-gnu-0.1.84.tgz#fb6eaea81ce679575b5004bc2177ce2d9222642b"
  integrity sha512-N1GY3noO1oqgEo3rYQIwY44kfM11vA0lDbN0orTOHfCSUZTUyiYCY0nZ197QMahZBm1aR/vYgsWpV74MMMDuNA==

"@napi-rs/canvas-linux-x64-musl@0.1.84":
  version "0.1.84"
  resolved "https://registry.npmmirror.com/@napi-rs/canvas-linux-x64-musl/-/canvas-linux-x64-musl-0.1.84.tgz#54a37352a0be7f2a7218b6f11d8ae9b5cdbb3d6c"
  integrity sha512-vUZmua6ADqTWyHyei81aXIt9wp0yjeNwTH0KdhdeoBb6azHmFR8uKTukZMXfLCC3bnsW0t4lW7K78KNMknmtjg==

"@napi-rs/canvas-win32-x64-msvc@0.1.84":
  version "0.1.84"
  resolved "https://registry.npmmirror.com/@napi-rs/canvas-win32-x64-msvc/-/canvas-win32-x64-msvc-0.1.84.tgz#e0039b89f8e04287c77bd1fb5e6fa671d6c9d3c8"
  integrity sha512-YSs8ncurc1xzegUMNnQUTYrdrAuaXdPMOa+iYYyAxydOtg0ppV386hyYMsy00Yip1NlTgLCseRG4sHSnjQx6og==

"@napi-rs/canvas@^0.1.84":
  version "0.1.84"
  resolved "https://registry.npmmirror.com/@napi-rs/canvas/-/canvas-0.1.84.tgz#514ba5518b9fc34c67b6569c8767036a1d6622be"
  integrity sha512-88FTNFs4uuiFKP0tUrPsEXhpe9dg7za9ILZJE08pGdUveMIDeana1zwfVkqRHJDPJFAmGY3dXmJ99dzsy57YnA==
  optionalDependencies:
    "@napi-rs/canvas-android-arm64" "0.1.84"
    "@napi-rs/canvas-darwin-arm64" "0.1.84"
    "@napi-rs/canvas-darwin-x64" "0.1.84"
    "@napi-rs/canvas-linux-arm-gnueabihf" "0.1.84"
    "@napi-rs/canvas-linux-arm64-gnu" "0.1.84"
    "@napi-rs/canvas-linux-arm64-musl" "0.1.84"
    "@napi-rs/canvas-linux-riscv64-gnu" "0.1.84"
    "@napi-rs/canvas-linux-x64-gnu" "0.1.84"
    "@napi-rs/canvas-linux-x64-musl" "0.1.84"
    "@napi-rs/canvas-win32-x64-msvc" "0.1.84"

emoji-db@^15.1.2:
  version "15.1.4"
  resolved "https://registry.npmmirror.com/emoji-db/-/emoji-db-15.1.4.tgz#21ee6c0d5ca9dd90dfaa15bcd4367b8167ecb677"
  integrity sha512-9IeoU6V/DalA1m8cpGbLdeFi5BsqVeLsNr2bKz01To9kiO+/I9jS7XX7MiGXV3ZaT9hJV9B9dTw9pQhwkrYpPA==

fs@0.0.1-security:
  version "0.0.1-security"
  resolved "https://registry.npmmirror.com/fs/-/fs-0.0.1-security.tgz#8a7bd37186b6dddf3813f23858b57ecaaf5e41d4"
  integrity sha512-3XY9e1pP0CVEUCdj5BmfIZxRBTSDycnbqhIOGec9QYtmVH2fbLpj86CFWkrNOkt/Fvty4KZG5lTglL9j/gJ87w==
